
Microsoft Visual Studio Solution File, Format Version 12.00
# Visual Studio 2013
VisualStudioVersion = 12.0.31101.0
MinimumVisualStudioVersion = 10.0.40219.1
Project("{FAE04EC0-301F-11D3-BF4B-00C04F79EFBC}") = "BackgammonLogic", "BackgammonLogic\BackgammonLogic.csproj", "{4C90CD9D-9BEA-4AAA-A1F8-0CB97C3EEC87}"
EndProject
Project("{FAE04EC0-301F-11D3-BF4B-00C04F79EFBC}") = "BackgammonWinformView", "BackgammonWinformView\BackgammonWinformView.csproj", "{8789418C-737E-403B-AB62-DB6BD75E9B0C}"
EndProject
Global
	GlobalSection(SolutionConfigurationPlatforms) = preSolution
		Debug|Any CPU = Debug|Any CPU
		Release|Any CPU = Release|Any CPU
	EndGlobalSection
	GlobalSection(ProjectConfigurationPlatforms) = postSolution
		{4C90CD9D-9BEA-4AAA-A1F8-0CB97C3EEC87}.Debug|Any CPU.ActiveCfg = Debug|Any CPU
		{4C90CD9D-9BEA-4AAA-A1F8-0CB97C3EEC87}.Debug|Any CPU.Build.0 = Debug|Any CPU
		{4C90CD9D-9BEA-4AAA-A1F8-0CB97C3EEC87}.Release|Any CPU.ActiveCfg = Release|Any CPU
		{4C90CD9D-9BEA-4AAA-A1F8-0CB97C3EEC87}.Release|Any CPU.Build.0 = Release|Any CPU
		{8789418C-737E-403B-AB62-DB6BD75E9B0C}.Debug|Any CPU.ActiveCfg = Debug|Any CPU
		{8789418C-737E-403B-AB62-DB6BD75E9B0C}.Debug|Any CPU.Build.0 = Debug|Any CPU
		{8789418C-737E-403B-AB62-DB6BD75E9B0C}.Release|Any CPU.ActiveCfg = Release|Any CPU
		{8789418C-737E-403B-AB62-DB6BD75E9B0C}.Release|Any CPU.Build.0 = Release|Any CPU
	EndGlobalSection
	GlobalSection(SolutionProperties) = preSolution
		HideSolutionNode = FALSE
	EndGlobalSection
EndGlobal
